
Microsoft Visual Studio Solution File, Format Version 12.00
# Visual Studio Version 17
VisualStudioVersion = 17.14.36623.8 d17.14
MinimumVisualStudioVersion = 10.0.40219.1
Project("{8BC9CEB8-8B4A-11D0-8D11-00A0C91BC942}") = "4.26", "4.26\4.26.vcxproj", "{EE7A4FF3-5153-4407-AEC2-508AE836F98B}"
EndProject
Global
	GlobalSection(SolutionConfigurationPlatforms) = preSolution
		Debug|x64 = Debug|x64
		Debug|x86 = Debug|x86
		Release|x64 = Release|x64
		Release|x86 = Release|x86
	EndGlobalSection
	GlobalSection(ProjectConfigurationPlatforms) = postSolution
		{EE7A4FF3-5153-4407-AEC2-508AE836F98B}.Debug|x64.ActiveCfg = Debug|x64
		{EE7A4FF3-5153-4407-AEC2-508AE836F98B}.Debug|x64.Build.0 = Debug|x64
		{EE7A4FF3-5153-4407-AEC2-508AE836F98B}.Debug|x86.ActiveCfg = Debug|Win32
		{EE7A4FF3-5153-4407-AEC2-508AE836F98B}.Debug|x86.Build.0 = Debug|Win32
		{EE7A4FF3-5153-4407-AEC2-508AE836F98B}.Release|x64.ActiveCfg = Release|x64
		{EE7A4FF3-5153-4407-AEC2-508AE836F98B}.Release|x64.Build.0 = Release|x64
		{EE7A4FF3-5153-4407-AEC2-508AE836F98B}.Release|x86.ActiveCfg = Release|Win32
		{EE7A4FF3-5153-4407-AEC2-508AE836F98B}.Release|x86.Build.0 = Release|Win32
	EndGlobalSection
	GlobalSection(SolutionProperties) = preSolution
		HideSolutionNode = FALSE
	EndGlobalSection
	GlobalSection(ExtensibilityGlobals) = postSolution
		SolutionGuid = {A918D743-64BD-4808-9375-1DEC06C8514D}
	EndGlobalSection
EndGlobal
